{
  "name": "miniprogram-shop",
  "version": "1.0.0",
  "lockfileVersion": 3,
  "requires": true,
  "packages": {
    "": {
      "name": "miniprogram-shop",
      "version": "1.0.0",
      "license": "ISC",
      "dependencies": {
        "tdesign-miniprogram": "^1.17.0"
      }
    },
    "node_modules/tdesign-miniprogram": {
      "version": "1.17.0",
      "resolved": "https://registry.npmjs.org/tdesign-miniprogram/-/tdesign-miniprogram-1.17.0.tgz",
      "integrity": "sha512-r/MsvadJDq8OPLNE8prV/akEiOe9L6PGF0knjMHuqt/SmVJV+4P5bxq8o3HLs2H8GexEavE3TKVZPqqTEyvlUg==",
      "license": "MIT"
    }
  }
}
